<?xml version="1.0" encoding="utf-8"?>
<Project ToolsVersion="4.0" xmlns="http://schemas.microsoft.com/developer/msbuild/2003">
  <ItemGroup>
    <Filter Include="Source Files">
      <UniqueIdentifier>{4FC737F1-C7A5-4376-A066-2A32D752A2FF}</UniqueIdentifier>
      <Extensions>cpp;c;cc;cxx;def;odl;idl;hpj;bat;asm;asmx</Extensions>
    </Filter>
    <Filter Include="Header Files">
      <UniqueIdentifier>{93995380-89BD-4b04-88EB-625FBE52EBFB}</UniqueIdentifier>
      <Extensions>h;hpp;hxx;hm;inl;inc;xsd</Extensions>
    </Filter>
    <Filter Include="Resource Files">
      <UniqueIdentifier>{67DA6AB6-F800-4c08-8B7A-83BB121AAD01}</UniqueIdentifier>
      <Extensions>rc;ico;cur;bmp;dlg;rc2;rct;bin;rgs;gif;jpg;jpeg;jpe;resx;tiff;tif;png;wav</Extensions>
    </Filter>
    <Filter Include="Boost">
      <UniqueIdentifier>{5b029602-20c8-4698-bc2e-da2fc6b1e121}</UniqueIdentifier>
    </Filter>
    <Filter Include="Lua">
      <UniqueIdentifier>{32608b32-95e9-4bf3-8d95-716c8c6d1370}</UniqueIdentifier>
    </Filter>
    <Filter Include="Scintilla">
      <UniqueIdentifier>{b57e9ca9-2d22-427f-82c3-4ca77aae6829}</UniqueIdentifier>
    </Filter>
    <Filter Include="Lexers">
      <UniqueIdentifier>{ab16fc26-a0b9-4ed6-b404-9527f1d705bb}</UniqueIdentifier>
    </Filter>
    <Filter Include="Lexlib">
      <UniqueIdentifier>{34d150ea-10fc-4e7a-9c5c-f29a7a926709}</UniqueIdentifier>
    </Filter>
  </ItemGroup>
  <ItemGroup>
    <ClCompile Include="stdafx.cpp">
      <Filter>Source Files</Filter>
    </ClCompile>
    <ClCompile Include="StrokesPlusHook.cpp">
      <Filter>Source Files</Filter>
    </ClCompile>
    <ClCompile Include="..\alien-0.5.1\src\alien\core.c">
      <Filter>Source Files</Filter>
    </ClCompile>
    <ClCompile Include="..\alien-0.5.1\src\alien\struct.c">
      <Filter>Source Files</Filter>
    </ClCompile>
    <ClCompile Include="..\alien-0.5.1\libffi\win32\types.c">
      <Filter>Source Files</Filter>
    </ClCompile>
    <ClCompile Include="..\alien-0.5.1\libffi\win32\ffi.c">
      <Filter>Source Files</Filter>
    </ClCompile>
    <ClCompile Include="..\alien-0.5.1\libffi\win32\prep_cif.c">
      <Filter>Source Files</Filter>
    </ClCompile>
    <ClCompile Include="..\alien-0.5.1\libffi\win32\win32.c">
      <Filter>Source Files</Filter>
    </ClCompile>
    <ClCompile Include="..\scintilla_320\src\AutoComplete.cxx">
      <Filter>Scintilla</Filter>
    </ClCompile>
    <ClCompile Include="..\scintilla_320\src\CallTip.cxx">
      <Filter>Scintilla</Filter>
    </ClCompile>
    <ClCompile Include="..\scintilla_320\src\Catalogue.cxx">
      <Filter>Scintilla</Filter>
    </ClCompile>
    <ClCompile Include="..\scintilla_320\src\CellBuffer.cxx">
      <Filter>Scintilla</Filter>
    </ClCompile>
    <ClCompile Include="..\scintilla_320\src\CharClassify.cxx">
      <Filter>Scintilla</Filter>
    </ClCompile>
    <ClCompile Include="..\scintilla_320\src\ContractionState.cxx">
      <Filter>Scintilla</Filter>
    </ClCompile>
    <ClCompile Include="..\scintilla_320\src\Decoration.cxx">
      <Filter>Scintilla</Filter>
    </ClCompile>
    <ClCompile Include="..\scintilla_320\src\Document.cxx">
      <Filter>Scintilla</Filter>
    </ClCompile>
    <ClCompile Include="..\scintilla_320\src\Editor.cxx">
      <Filter>Scintilla</Filter>
    </ClCompile>
    <ClCompile Include="..\scintilla_320\src\ExternalLexer.cxx">
      <Filter>Scintilla</Filter>
    </ClCompile>
    <ClCompile Include="..\scintilla_320\src\Indicator.cxx">
      <Filter>Scintilla</Filter>
    </ClCompile>
    <ClCompile Include="..\scintilla_320\src\KeyMap.cxx">
      <Filter>Scintilla</Filter>
    </ClCompile>
    <ClCompile Include="..\scintilla_320\src\LineMarker.cxx">
      <Filter>Scintilla</Filter>
    </ClCompile>
    <ClCompile Include="..\scintilla_320\src\PerLine.cxx">
      <Filter>Scintilla</Filter>
    </ClCompile>
    <ClCompile Include="..\scintilla_320\src\PositionCache.cxx">
      <Filter>Scintilla</Filter>
    </ClCompile>
    <ClCompile Include="..\scintilla_320\src\RESearch.cxx">
      <Filter>Scintilla</Filter>
    </ClCompile>
    <ClCompile Include="..\scintilla_320\src\RunStyles.cxx">
      <Filter>Scintilla</Filter>
    </ClCompile>
    <ClCompile Include="..\scintilla_320\src\ScintillaBase.cxx">
      <Filter>Scintilla</Filter>
    </ClCompile>
    <ClCompile Include="..\scintilla_320\src\Selection.cxx">
      <Filter>Scintilla</Filter>
    </ClCompile>
    <ClCompile Include="..\scintilla_320\src\Style.cxx">
      <Filter>Scintilla</Filter>
    </ClCompile>
    <ClCompile Include="..\scintilla_320\src\UniConversion.cxx">
      <Filter>Scintilla</Filter>
    </ClCompile>
    <ClCompile Include="..\scintilla_320\src\ViewStyle.cxx">
      <Filter>Scintilla</Filter>
    </ClCompile>
    <ClCompile Include="..\scintilla_320\src\XPM.cxx">
      <Filter>Scintilla</Filter>
    </ClCompile>
    <ClCompile Include="..\scintilla_320\lexers\LexLua.cxx">
      <Filter>Lexers</Filter>
    </ClCompile>
    <ClCompile Include="..\scintilla_320\lexlib\Accessor.cxx">
      <Filter>Lexlib</Filter>
    </ClCompile>
    <ClCompile Include="..\scintilla_320\lexlib\CharacterSet.cxx">
      <Filter>Lexlib</Filter>
    </ClCompile>
    <ClCompile Include="..\scintilla_320\lexlib\LexerBase.cxx">
      <Filter>Lexlib</Filter>
    </ClCompile>
    <ClCompile Include="..\scintilla_320\lexlib\LexerModule.cxx">
      <Filter>Lexlib</Filter>
    </ClCompile>
    <ClCompile Include="..\scintilla_320\lexlib\LexerNoExceptions.cxx">
      <Filter>Lexlib</Filter>
    </ClCompile>
    <ClCompile Include="..\scintilla_320\lexlib\LexerSimple.cxx">
      <Filter>Lexlib</Filter>
    </ClCompile>
    <ClCompile Include="..\scintilla_320\lexlib\PropSetSimple.cxx">
      <Filter>Lexlib</Filter>
    </ClCompile>
    <ClCompile Include="..\scintilla_320\lexlib\StyleContext.cxx">
      <Filter>Lexlib</Filter>
    </ClCompile>
    <ClCompile Include="..\scintilla_320\lexlib\WordList.cxx">
      <Filter>Lexlib</Filter>
    </ClCompile>
    <ClCompile Include="..\scintilla_320\win32\PlatWin.cxx">
      <Filter>Source Files</Filter>
    </ClCompile>
    <ClCompile Include="..\scintilla_320\win32\ScintillaWin.cxx">
      <Filter>Source Files</Filter>
    </ClCompile>
    <ClCompile Include="..\lua-5.2.1\src\lapi.c">
      <Filter>Lua</Filter>
    </ClCompile>
    <ClCompile Include="..\lua-5.2.1\src\lauxlib.c">
      <Filter>Lua</Filter>
    </ClCompile>
    <ClCompile Include="..\lua-5.2.1\src\lbaselib.c">
      <Filter>Lua</Filter>
    </ClCompile>
    <ClCompile Include="..\lua-5.2.1\src\lbitlib.c">
      <Filter>Lua</Filter>
    </ClCompile>
    <ClCompile Include="..\lua-5.2.1\src\lcode.c">
      <Filter>Lua</Filter>
    </ClCompile>
    <ClCompile Include="..\lua-5.2.1\src\lcorolib.c">
      <Filter>Lua</Filter>
    </ClCompile>
    <ClCompile Include="..\lua-5.2.1\src\lctype.c">
      <Filter>Lua</Filter>
    </ClCompile>
    <ClCompile Include="..\lua-5.2.1\src\ldblib.c">
      <Filter>Lua</Filter>
    </ClCompile>
    <ClCompile Include="..\lua-5.2.1\src\ldebug.c">
      <Filter>Lua</Filter>
    </ClCompile>
    <ClCompile Include="..\lua-5.2.1\src\ldo.c">
      <Filter>Lua</Filter>
    </ClCompile>
    <ClCompile Include="..\lua-5.2.1\src\ldump.c">
      <Filter>Lua</Filter>
    </ClCompile>
    <ClCompile Include="..\lua-5.2.1\src\lfunc.c">
      <Filter>Lua</Filter>
    </ClCompile>
    <ClCompile Include="..\lua-5.2.1\src\lgc.c">
      <Filter>Lua</Filter>
    </ClCompile>
    <ClCompile Include="..\lua-5.2.1\src\linit.c">
      <Filter>Lua</Filter>
    </ClCompile>
    <ClCompile Include="..\lua-5.2.1\src\liolib.c">
      <Filter>Lua</Filter>
    </ClCompile>
    <ClCompile Include="..\lua-5.2.1\src\llex.c">
      <Filter>Lua</Filter>
    </ClCompile>
    <ClCompile Include="..\lua-5.2.1\src\lmathlib.c">
      <Filter>Lua</Filter>
    </ClCompile>
    <ClCompile Include="..\lua-5.2.1\src\lmem.c">
      <Filter>Lua</Filter>
    </ClCompile>
    <ClCompile Include="..\lua-5.2.1\src\loadlib.c">
      <Filter>Lua</Filter>
    </ClCompile>
    <ClCompile Include="..\lua-5.2.1\src\lobject.c">
      <Filter>Lua</Filter>
    </ClCompile>
    <ClCompile Include="..\lua-5.2.1\src\lopcodes.c">
      <Filter>Lua</Filter>
    </ClCompile>
    <ClCompile Include="..\lua-5.2.1\src\loslib.c">
      <Filter>Lua</Filter>
    </ClCompile>
    <ClCompile Include="..\lua-5.2.1\src\lparser.c">
      <Filter>Lua</Filter>
    </ClCompile>
    <ClCompile Include="..\lua-5.2.1\src\lstate.c">
      <Filter>Lua</Filter>
    </ClCompile>
    <ClCompile Include="..\lua-5.2.1\src\lstring.c">
      <Filter>Lua</Filter>
    </ClCompile>
    <ClCompile Include="..\lua-5.2.1\src\lstrlib.c">
      <Filter>Lua</Filter>
    </ClCompile>
    <ClCompile Include="..\lua-5.2.1\src\ltable.c">
      <Filter>Lua</Filter>
    </ClCompile>
    <ClCompile Include="..\lua-5.2.1\src\ltablib.c">
      <Filter>Lua</Filter>
    </ClCompile>
    <ClCompile Include="..\lua-5.2.1\src\ltm.c">
      <Filter>Lua</Filter>
    </ClCompile>
    <ClCompile Include="..\lua-5.2.1\src\lua.c">
      <Filter>Lua</Filter>
    </ClCompile>
    <ClCompile Include="..\lua-5.2.1\src\lundump.c">
      <Filter>Lua</Filter>
    </ClCompile>
    <ClCompile Include="..\lua-5.2.1\src\lvm.c">
      <Filter>Lua</Filter>
    </ClCompile>
    <ClCompile Include="..\lua-5.2.1\src\lzio.c">
      <Filter>Lua</Filter>
    </ClCompile>
    <ClCompile Include="..\boost_1_50_0\libs\regex\src\c_regex_traits.cpp">
      <Filter>Boost</Filter>
    </ClCompile>
    <ClCompile Include="..\boost_1_50_0\libs\regex\src\cpp_regex_traits.cpp">
      <Filter>Boost</Filter>
    </ClCompile>
    <ClCompile Include="..\boost_1_50_0\libs\regex\src\cregex.cpp">
      <Filter>Boost</Filter>
    </ClCompile>
    <ClCompile Include="..\boost_1_50_0\libs\regex\src\fileiter.cpp">
      <Filter>Boost</Filter>
    </ClCompile>
    <ClCompile Include="..\boost_1_50_0\libs\regex\src\icu.cpp">
      <Filter>Boost</Filter>
    </ClCompile>
    <ClCompile Include="..\boost_1_50_0\libs\regex\src\instances.cpp">
      <Filter>Boost</Filter>
    </ClCompile>
    <ClCompile Include="..\boost_1_50_0\libs\regex\src\posix_api.cpp">
      <Filter>Boost</Filter>
    </ClCompile>
    <ClCompile Include="..\boost_1_50_0\libs\regex\src\regex.cpp">
      <Filter>Boost</Filter>
    </ClCompile>
    <ClCompile Include="..\boost_1_50_0\libs\regex\src\regex_debug.cpp">
      <Filter>Boost</Filter>
    </ClCompile>
    <ClCompile Include="..\boost_1_50_0\libs\regex\src\regex_raw_buffer.cpp">
      <Filter>Boost</Filter>
    </ClCompile>
    <ClCompile Include="..\boost_1_50_0\libs\regex\src\regex_traits_defaults.cpp">
      <Filter>Boost</Filter>
    </ClCompile>
    <ClCompile Include="..\boost_1_50_0\libs\regex\src\static_mutex.cpp">
      <Filter>Boost</Filter>
    </ClCompile>
    <ClCompile Include="..\boost_1_50_0\libs\regex\src\usinstances.cpp">
      <Filter>Boost</Filter>
    </ClCompile>
    <ClCompile Include="..\boost_1_50_0\libs\regex\src\w32_regex_traits.cpp">
      <Filter>Boost</Filter>
    </ClCompile>
    <ClCompile Include="..\boost_1_50_0\libs\regex\src\wc_regex_traits.cpp">
      <Filter>Boost</Filter>
    </ClCompile>
    <ClCompile Include="..\boost_1_50_0\libs\regex\src\wide_posix_api.cpp">
      <Filter>Boost</Filter>
    </ClCompile>
    <ClCompile Include="..\boost_1_50_0\libs\regex\src\winstances.cpp">
      <Filter>Boost</Filter>
    </ClCompile>
    <ClCompile Include="Registry.cpp">
      <Filter>Source Files</Filter>
    </ClCompile>
  </ItemGroup>
  <ItemGroup>
    <ClInclude Include="stdafx.h">
      <Filter>Header Files</Filter>
    </ClInclude>
    <ClInclude Include="StrokesPlusHook.h">
      <Filter>Header Files</Filter>
    </ClInclude>
    <ClInclude Include="targetver.h">
      <Filter>Header Files</Filter>
    </ClInclude>
    <ClInclude Include="resource.h">
      <Filter>Header Files</Filter>
    </ClInclude>
    <ClInclude Include="..\alien-0.5.1\libffi\win32\ffi.h">
      <Filter>Header Files</Filter>
    </ClInclude>
    <ClInclude Include="..\scintilla_320\win32\PlatWin.h">
      <Filter>Header Files</Filter>
    </ClInclude>
    <ClInclude Include="..\scintilla_320\src\ScintillaBase.h">
      <Filter>Header Files</Filter>
    </ClInclude>
    <ClInclude Include="..\lua-5.2.1\src\luaconf.h">
      <Filter>Header Files</Filter>
    </ClInclude>
    <ClInclude Include="Registry.h">
      <Filter>Header Files</Filter>
    </ClInclude>
    <ClInclude Include="options.h">
      <Filter>Header Files</Filter>
    </ClInclude>
  </ItemGroup>
  <ItemGroup>
    <ResourceCompile Include="StrokesPlusHook.rc">
      <Filter>Resource Files</Filter>
    </ResourceCompile>
  </ItemGroup>
  <ItemGroup>
    <None Include="..\StrokesPlus\findere.bmp">
      <Filter>Resource Files</Filter>
    </None>
    <None Include="..\StrokesPlus\finderf.bmp">
      <Filter>Resource Files</Filter>
    </None>
    <None Include="..\StrokesPlus\searchw.cur">
      <Filter>Resource Files</Filter>
    </None>
    <None Include="findere.bmp">
      <Filter>Resource Files</Filter>
    </None>
    <None Include="finderf.bmp">
      <Filter>Resource Files</Filter>
    </None>
    <None Include="searchw.cur">
      <Filter>Resource Files</Filter>
    </None>
    <None Include="StrokesPlus.ico">
      <Filter>Resource Files</Filter>
    </None>
  </ItemGroup>
  <ItemGroup>
    <MASM Include="..\alien-0.5.1\libffi\win32\win64.asm">
      <Filter>Source Files</Filter>
    </MASM>
  </ItemGroup>
</Project>